
Microsoft Visual Studio Solution File, Format Version 12.00
# Visual Studio Version 17
VisualStudioVersion = 17.1.32328.378
MinimumVisualStudioVersion = 10.0.40219.1
Project("{FAE04EC0-301F-11D3-BF4B-00C04F79EFBC}") = "zaslab", "zaslab\zaslab.csproj", "{65D0A2FD-4D9D-407A-BBD6-9692F823E962}"
EndProject
Global
	GlobalSection(SolutionConfigurationPlatforms) = preSolution
		Debug|Any CPU = Debug|Any CPU
		Release|Any CPU = Release|Any CPU
	EndGlobalSection
	GlobalSection(ProjectConfigurationPlatforms) = postSolution
		{65D0A2FD-4D9D-407A-BBD6-9692F823E962}.Debug|Any CPU.ActiveCfg = Debug|Any CPU
		{65D0A2FD-4D9D-407A-BBD6-9692F823E962}.Debug|Any CPU.Build.0 = Debug|Any CPU
		{65D0A2FD-4D9D-407A-BBD6-9692F823E962}.Release|Any CPU.ActiveCfg = Release|Any CPU
		{65D0A2FD-4D9D-407A-BBD6-9692F823E962}.Release|Any CPU.Build.0 = Release|Any CPU
	EndGlobalSection
	GlobalSection(SolutionProperties) = preSolution
		HideSolutionNode = FALSE
	EndGlobalSection
	GlobalSection(ExtensibilityGlobals) = postSolution
		SolutionGuid = {6F4E400D-51FE-4FDB-9F54-B6FE42D10E88}
	EndGlobalSection
EndGlobal
